
Microsoft Visual Studio Solution File, Format Version 12.00
# Visual Studio Version 17
VisualStudioVersion = 17.9.34622.214
MinimumVisualStudioVersion = 10.0.40219.1
Project("{FAE04EC0-301F-11D3-BF4B-00C04F79EFBC}") = "CourseCSharp3", "CourseCSharp3\CourseCSharp3.csproj", "{24188559-2469-4671-916A-B666FBD51507}"
EndProject
Global
	GlobalSection(SolutionConfigurationPlatforms) = preSolution
		Debug|Any CPU = Debug|Any CPU
		Release|Any CPU = Release|Any CPU
	EndGlobalSection
	GlobalSection(ProjectConfigurationPlatforms) = postSolution
		{24188559-2469-4671-916A-B666FBD51507}.Debug|Any CPU.ActiveCfg = Debug|Any CPU
		{24188559-2469-4671-916A-B666FBD51507}.Debug|Any CPU.Build.0 = Debug|Any CPU
		{24188559-2469-4671-916A-B666FBD51507}.Release|Any CPU.ActiveCfg = Release|Any CPU
		{24188559-2469-4671-916A-B666FBD51507}.Release|Any CPU.Build.0 = Release|Any CPU
	EndGlobalSection
	GlobalSection(SolutionProperties) = preSolution
		HideSolutionNode = FALSE
	EndGlobalSection
	GlobalSection(ExtensibilityGlobals) = postSolution
		SolutionGuid = {1467426E-D0CB-4DB5-98DA-569DB7505B5D}
	EndGlobalSection
EndGlobal
